
Microsoft Visual Studio Solution File, Format Version 12.00
# Visual Studio 14
VisualStudioVersion = 14.0.25123.0
MinimumVisualStudioVersion = 10.0.40219.1
Project("{FAE04EC0-301F-11D3-BF4B-00C04F79EFBC}") = "UrlOptionsSwitcher", "UrlOptionsSwitcher\UrlOptionsSwitcher.csproj", "{CE57E2F8-DCFE-496E-9158-DEBD6925FB1D}"
EndProject
Project("{FAE04EC0-301F-11D3-BF4B-00C04F79EFBC}") = "UrlOptionsSwitcher.Test", "UrlOptionsSwitcher.Test\UrlOptionsSwitcher.Test.csproj", "{4860BFA4-0CFF-4F42-96FC-2F36B3E545C3}"
EndProject
Global
	GlobalSection(SolutionConfigurationPlatforms) = preSolution
		Debug|Any CPU = Debug|Any CPU
		Release|Any CPU = Release|Any CPU
	EndGlobalSection
	GlobalSection(ProjectConfigurationPlatforms) = postSolution
		{CE57E2F8-DCFE-496E-9158-DEBD6925FB1D}.Debug|Any CPU.ActiveCfg = Debug|Any CPU
		{CE57E2F8-DCFE-496E-9158-DEBD6925FB1D}.Debug|Any CPU.Build.0 = Debug|Any CPU
		{CE57E2F8-DCFE-496E-9158-DEBD6925FB1D}.Release|Any CPU.ActiveCfg = Release|Any CPU
		{CE57E2F8-DCFE-496E-9158-DEBD6925FB1D}.Release|Any CPU.Build.0 = Release|Any CPU
		{4860BFA4-0CFF-4F42-96FC-2F36B3E545C3}.Debug|Any CPU.ActiveCfg = Debug|Any CPU
		{4860BFA4-0CFF-4F42-96FC-2F36B3E545C3}.Debug|Any CPU.Build.0 = Debug|Any CPU
		{4860BFA4-0CFF-4F42-96FC-2F36B3E545C3}.Release|Any CPU.ActiveCfg = Release|Any CPU
		{4860BFA4-0CFF-4F42-96FC-2F36B3E545C3}.Release|Any CPU.Build.0 = Release|Any CPU
	EndGlobalSection
	GlobalSection(SolutionProperties) = preSolution
		HideSolutionNode = FALSE
	EndGlobalSection
EndGlobal
